// !$*UTF8*$!
{
	archiveVersion = 1;
	classes = {
	};
	objectVersion = 50;
	objects = {

/* Begin PBXBuildFile section */
		5505D2CA21A2BDB300600AA9 /* EmptyCell.swift in Sources */ = {isa = PBXBuildFile; fileRef = 5505D2C521A2BDB300600AA9 /* EmptyCell.swift */; };
		5505D2CB21A2BDB300600AA9 /* BaseTableViewCell.swift in Sources */ = {isa = PBXBuildFile; fileRef = 5505D2C621A2BDB300600AA9 /* BaseTableViewCell.swift */; };
		5505D2CC21A2BDB300600AA9 /* TableDataManager.swift in Sources */ = {isa = PBXBuildFile; fileRef = 5505D2C721A2BDB300600AA9 /* TableDataManager.swift */; };
		5505D2CD21A2BDB300600AA9 /* EmptyViewModel.swift in Sources */ = {isa = PBXBuildFile; fileRef = 5505D2C821A2BDB300600AA9 /* EmptyViewModel.swift */; };
		5505D2CE21A2BDB300600AA9 /* BaseCellViewModel.swift in Sources */ = {isa = PBXBuildFile; fileRef = 5505D2C921A2BDB300600AA9 /* BaseCellViewModel.swift */; };
		8436DE3221905B51002930A9 /* AppDelegate.swift in Sources */ = {isa = PBXBuildFile; fileRef = 8436DE3121905B51002930A9 /* AppDelegate.swift */; };
		8436DE3921905B5C002930A9 /* Assets.xcassets in Resources */ = {isa = PBXBuildFile; fileRef = 8436DE3821905B5C002930A9 /* Assets.xcassets */; };
		8436DE3C21905B5C002930A9 /* LaunchScreen.storyboard in Resources */ = {isa = PBXBuildFile; fileRef = 8436DE3A21905B5C002930A9 /* LaunchScreen.storyboard */; };
		8436DE4721905B5D002930A9 /* StagirovkaProjectTests.swift in Sources */ = {isa = PBXBuildFile; fileRef = 8436DE4621905B5D002930A9 /* StagirovkaProjectTests.swift */; };
		8436DE5221905B5D002930A9 /* StagirovkaProjectUITests.swift in Sources */ = {isa = PBXBuildFile; fileRef = 8436DE5121905B5D002930A9 /* StagirovkaProjectUITests.swift */; };
		8436DE6421905C69002930A9 /* AuthStoryBoard.storyboard in Resources */ = {isa = PBXBuildFile; fileRef = 8436DE6321905C69002930A9 /* AuthStoryBoard.storyboard */; };
		8436DE6E219072F0002930A9 /* AuthViewController.swift in Sources */ = {isa = PBXBuildFile; fileRef = 8436DE6D219072F0002930A9 /* AuthViewController.swift */; };
		8485D61621A55B2300E74961 /* AuthTextFieldViewCell.swift in Sources */ = {isa = PBXBuildFile; fileRef = 8485D61421A55B2300E74961 /* AuthTextFieldViewCell.swift */; };
		8485D61721A55B2300E74961 /* AuthTextFieldViewCell.xib in Resources */ = {isa = PBXBuildFile; fileRef = 8485D61521A55B2300E74961 /* AuthTextFieldViewCell.xib */; };
		8485D61921A5619300E74961 /* AuthTextFieldViewModel.swift in Sources */ = {isa = PBXBuildFile; fileRef = 8485D61821A5619300E74961 /* AuthTextFieldViewModel.swift */; };
		8485D61E21A5769D00E74961 /* AuthLabelViewCell.swift in Sources */ = {isa = PBXBuildFile; fileRef = 8485D61C21A5769D00E74961 /* AuthLabelViewCell.swift */; };
		8485D61F21A5769D00E74961 /* AuthLabelViewCell.xib in Resources */ = {isa = PBXBuildFile; fileRef = 8485D61D21A5769D00E74961 /* AuthLabelViewCell.xib */; };
		8485D62121A577E600E74961 /* AuthLabelViewModel.swift in Sources */ = {isa = PBXBuildFile; fileRef = 8485D62021A577E600E74961 /* AuthLabelViewModel.swift */; };
		8485D62521A57A9B00E74961 /* AuthButtonViewCell.swift in Sources */ = {isa = PBXBuildFile; fileRef = 8485D62321A57A9B00E74961 /* AuthButtonViewCell.swift */; };
		8485D62621A57A9B00E74961 /* AuthButtonViewCell.xib in Resources */ = {isa = PBXBuildFile; fileRef = 8485D62421A57A9B00E74961 /* AuthButtonViewCell.xib */; };
		8485D62821A57AF100E74961 /* AuthButtonViewModel.swift in Sources */ = {isa = PBXBuildFile; fileRef = 8485D62721A57AF100E74961 /* AuthButtonViewModel.swift */; };
/* End PBXBuildFile section */

/* Begin PBXContainerItemProxy section */
		8436DE4321905B5D002930A9 /* PBXContainerItemProxy */ = {
			isa = PBXContainerItemProxy;
			containerPortal = 8436DE2621905B50002930A9 /* Project object */;
			proxyType = 1;
			remoteGlobalIDString = 8436DE2D21905B50002930A9;
			remoteInfo = StagirovkaProject;
		};
		8436DE4E21905B5D002930A9 /* PBXContainerItemProxy */ = {
			isa = PBXContainerItemProxy;
			containerPortal = 8436DE2621905B50002930A9 /* Project object */;
			proxyType = 1;
			remoteGlobalIDString = 8436DE2D21905B50002930A9;
			remoteInfo = StagirovkaProject;
		};
/* End PBXContainerItemProxy section */

/* Begin PBXFileReference section */
		5505D2C521A2BDB300600AA9 /* EmptyCell.swift */ = {isa = PBXFileReference; fileEncoding = 4; lastKnownFileType = sourcecode.swift; path = EmptyCell.swift; sourceTree = "<group>"; };
		5505D2C621A2BDB300600AA9 /* BaseTableViewCell.swift */ = {isa = PBXFileReference; fileEncoding = 4; lastKnownFileType = sourcecode.swift; path = BaseTableViewCell.swift; sourceTree = "<group>"; };
		5505D2C721A2BDB300600AA9 /* TableDataManager.swift */ = {isa = PBXFileReference; fileEncoding = 4; lastKnownFileType = sourcecode.swift; path = TableDataManager.swift; sourceTree = "<group>"; };
		5505D2C821A2BDB300600AA9 /* EmptyViewModel.swift */ = {isa = PBXFileReference; fileEncoding = 4; lastKnownFileType = sourcecode.swift; path = EmptyViewModel.swift; sourceTree = "<group>"; };
		5505D2C921A2BDB300600AA9 /* BaseCellViewModel.swift */ = {isa = PBXFileReference; fileEncoding = 4; lastKnownFileType = sourcecode.swift; path = BaseCellViewModel.swift; sourceTree = "<group>"; };
		8436DE2E21905B51002930A9 /* StagirovkaProject.app */ = {isa = PBXFileReference; explicitFileType = wrapper.application; includeInIndex = 0; path = StagirovkaProject.app; sourceTree = BUILT_PRODUCTS_DIR; };
		8436DE3121905B51002930A9 /* AppDelegate.swift */ = {isa = PBXFileReference; lastKnownFileType = sourcecode.swift; path = AppDelegate.swift; sourceTree = "<group>"; };
		8436DE3821905B5C002930A9 /* Assets.xcassets */ = {isa = PBXFileReference; lastKnownFileType = folder.assetcatalog; path = Assets.xcassets; sourceTree = "<group>"; };
		8436DE3B21905B5C002930A9 /* Base */ = {isa = PBXFileReference; lastKnownFileType = file.storyboard; name = Base; path = Base.lproj/LaunchScreen.storyboard; sourceTree = "<group>"; };
		8436DE3D21905B5C002930A9 /* Info.plist */ = {isa = PBXFileReference; lastKnownFileType = text.plist.xml; path = Info.plist; sourceTree = "<group>"; };
		8436DE4221905B5D002930A9 /* StagirovkaProjectTests.xctest */ = {isa = PBXFileReference; explicitFileType = wrapper.cfbundle; includeInIndex = 0; path = StagirovkaProjectTests.xctest; sourceTree = BUILT_PRODUCTS_DIR; };
		8436DE4621905B5D002930A9 /* StagirovkaProjectTests.swift */ = {isa = PBXFileReference; lastKnownFileType = sourcecode.swift; path = StagirovkaProjectTests.swift; sourceTree = "<group>"; };
		8436DE4821905B5D002930A9 /* Info.plist */ = {isa = PBXFileReference; lastKnownFileType = text.plist.xml; path = Info.plist; sourceTree = "<group>"; };
		8436DE4D21905B5D002930A9 /* StagirovkaProjectUITests.xctest */ = {isa = PBXFileReference; explicitFileType = wrapper.cfbundle; includeInIndex = 0; path = StagirovkaProjectUITests.xctest; sourceTree = BUILT_PRODUCTS_DIR; };
		8436DE5121905B5D002930A9 /* StagirovkaProjectUITests.swift */ = {isa = PBXFileReference; lastKnownFileType = sourcecode.swift; path = StagirovkaProjectUITests.swift; sourceTree = "<group>"; };
		8436DE5321905B5D002930A9 /* Info.plist */ = {isa = PBXFileReference; lastKnownFileType = text.plist.xml; path = Info.plist; sourceTree = "<group>"; };
		8436DE6321905C69002930A9 /* AuthStoryBoard.storyboard */ = {isa = PBXFileReference; lastKnownFileType = file.storyboard; path = AuthStoryBoard.storyboard; sourceTree = "<group>"; };
		8436DE6D219072F0002930A9 /* AuthViewController.swift */ = {isa = PBXFileReference; lastKnownFileType = sourcecode.swift; path = AuthViewController.swift; sourceTree = "<group>"; };
		8485D61421A55B2300E74961 /* AuthTextFieldViewCell.swift */ = {isa = PBXFileReference; lastKnownFileType = sourcecode.swift; path = AuthTextFieldViewCell.swift; sourceTree = "<group>"; };
		8485D61521A55B2300E74961 /* AuthTextFieldViewCell.xib */ = {isa = PBXFileReference; lastKnownFileType = file.xib; path = AuthTextFieldViewCell.xib; sourceTree = "<group>"; };
		8485D61821A5619300E74961 /* AuthTextFieldViewModel.swift */ = {isa = PBXFileReference; lastKnownFileType = sourcecode.swift; path = AuthTextFieldViewModel.swift; sourceTree = "<group>"; };
		8485D61C21A5769D00E74961 /* AuthLabelViewCell.swift */ = {isa = PBXFileReference; lastKnownFileType = sourcecode.swift; path = AuthLabelViewCell.swift; sourceTree = "<group>"; };
		8485D61D21A5769D00E74961 /* AuthLabelViewCell.xib */ = {isa = PBXFileReference; lastKnownFileType = file.xib; path = AuthLabelViewCell.xib; sourceTree = "<group>"; };
		8485D62021A577E600E74961 /* AuthLabelViewModel.swift */ = {isa = PBXFileReference; lastKnownFileType = sourcecode.swift; path = AuthLabelViewModel.swift; sourceTree = "<group>"; };
		8485D62321A57A9B00E74961 /* AuthButtonViewCell.swift */ = {isa = PBXFileReference; lastKnownFileType = sourcecode.swift; path = AuthButtonViewCell.swift; sourceTree = "<group>"; };
		8485D62421A57A9B00E74961 /* AuthButtonViewCell.xib */ = {isa = PBXFileReference; lastKnownFileType = file.xib; path = AuthButtonViewCell.xib; sourceTree = "<group>"; };
		8485D62721A57AF100E74961 /* AuthButtonViewModel.swift */ = {isa = PBXFileReference; lastKnownFileType = sourcecode.swift; path = AuthButtonViewModel.swift; sourceTree = "<group>"; };
/* End PBXFileReference section */

/* Begin PBXFrameworksBuildPhase section */
		8436DE2B21905B50002930A9 /* Frameworks */ = {
			isa = PBXFrameworksBuildPhase;
			buildActionMask = 2147483647;
			files = (
			);
			runOnlyForDeploymentPostprocessing = 0;
		};
		8436DE3F21905B5D002930A9 /* Frameworks */ = {
			isa = PBXFrameworksBuildPhase;
			buildActionMask = 2147483647;
			files = (
			);
			runOnlyForDeploymentPostprocessing = 0;
		};
		8436DE4A21905B5D002930A9 /* Frameworks */ = {
			isa = PBXFrameworksBuildPhase;
			buildActionMask = 2147483647;
			files = (
			);
			runOnlyForDeploymentPostprocessing = 0;
		};
/* End PBXFrameworksBuildPhase section */

/* Begin PBXGroup section */
		5505D2C221A2BDB300600AA9 /* Helpers */ = {
			isa = PBXGroup;
			children = (
				5505D2C321A2BDB300600AA9 /* UI */,
				5505D2C421A2BDB300600AA9 /* TableDataManager */,
			);
			path = Helpers;
			sourceTree = "<group>";
		};
		5505D2C321A2BDB300600AA9 /* UI */ = {
			isa = PBXGroup;
			children = (
			);
			path = UI;
			sourceTree = "<group>";
		};
		5505D2C421A2BDB300600AA9 /* TableDataManager */ = {
			isa = PBXGroup;
			children = (
				5505D2C521A2BDB300600AA9 /* EmptyCell.swift */,
				5505D2C621A2BDB300600AA9 /* BaseTableViewCell.swift */,
				5505D2C721A2BDB300600AA9 /* TableDataManager.swift */,
				5505D2C821A2BDB300600AA9 /* EmptyViewModel.swift */,
				5505D2C921A2BDB300600AA9 /* BaseCellViewModel.swift */,
			);
			path = TableDataManager;
			sourceTree = "<group>";
		};
		8436DE2521905B50002930A9 = {
			isa = PBXGroup;
			children = (
				8436DE3021905B51002930A9 /* StagirovkaProject */,
				8436DE4521905B5D002930A9 /* StagirovkaProjectTests */,
				8436DE5021905B5D002930A9 /* StagirovkaProjectUITests */,
				8436DE2F21905B51002930A9 /* Products */,
			);
			sourceTree = "<group>";
		};
		8436DE2F21905B51002930A9 /* Products */ = {
			isa = PBXGroup;
			children = (
				8436DE2E21905B51002930A9 /* StagirovkaProject.app */,
				8436DE4221905B5D002930A9 /* StagirovkaProjectTests.xctest */,
				8436DE4D21905B5D002930A9 /* StagirovkaProjectUITests.xctest */,
			);
			name = Products;
			sourceTree = "<group>";
		};
		8436DE3021905B51002930A9 /* StagirovkaProject */ = {
			isa = PBXGroup;
			children = (
				5505D2C221A2BDB300600AA9 /* Helpers */,
				8436DE6021905B80002930A9 /* Authorization */,
				8436DE3121905B51002930A9 /* AppDelegate.swift */,
				8436DE3821905B5C002930A9 /* Assets.xcassets */,
				8436DE3A21905B5C002930A9 /* LaunchScreen.storyboard */,
				8436DE3D21905B5C002930A9 /* Info.plist */,
			);
			path = StagirovkaProject;
			sourceTree = "<group>";
		};
		8436DE4521905B5D002930A9 /* StagirovkaProjectTests */ = {
			isa = PBXGroup;
			children = (
				8436DE4621905B5D002930A9 /* StagirovkaProjectTests.swift */,
				8436DE4821905B5D002930A9 /* Info.plist */,
			);
			path = StagirovkaProjectTests;
			sourceTree = "<group>";
		};
		8436DE5021905B5D002930A9 /* StagirovkaProjectUITests */ = {
			isa = PBXGroup;
			children = (
				8436DE5121905B5D002930A9 /* StagirovkaProjectUITests.swift */,
				8436DE5321905B5D002930A9 /* Info.plist */,
			);
			path = StagirovkaProjectUITests;
			sourceTree = "<group>";
		};
		8436DE6021905B80002930A9 /* Authorization */ = {
			isa = PBXGroup;
			children = (
				8485D61321A55AED00E74961 /* Cell */,
				8436DE6321905C69002930A9 /* AuthStoryBoard.storyboard */,
				8436DE6D219072F0002930A9 /* AuthViewController.swift */,
			);
			path = Authorization;
			sourceTree = "<group>";
		};
		8485D61321A55AED00E74961 /* Cell */ = {
			isa = PBXGroup;
			children = (
				8485D62221A57A6B00E74961 /* Button */,
				8485D61B21A5764100E74961 /* Label */,
				8485D61A21A565F100E74961 /* TextField */,
			);
			path = Cell;
			sourceTree = "<group>";
		};
		8485D61A21A565F100E74961 /* TextField */ = {
			isa = PBXGroup;
			children = (
				8485D61521A55B2300E74961 /* AuthTextFieldViewCell.xib */,
				8485D61421A55B2300E74961 /* AuthTextFieldViewCell.swift */,
				8485D61821A5619300E74961 /* AuthTextFieldViewModel.swift */,
			);
			path = TextField;
			sourceTree = "<group>";
		};
		8485D61B21A5764100E74961 /* Label */ = {
			isa = PBXGroup;
			children = (
				8485D61D21A5769D00E74961 /* AuthLabelViewCell.xib */,
				8485D61C21A5769D00E74961 /* AuthLabelViewCell.swift */,
				8485D62021A577E600E74961 /* AuthLabelViewModel.swift */,
			);
			path = Label;
			sourceTree = "<group>";
		};
		8485D62221A57A6B00E74961 /* Button */ = {
			isa = PBXGroup;
			children = (
				8485D62421A57A9B00E74961 /* AuthButtonViewCell.xib */,
				8485D62321A57A9B00E74961 /* AuthButtonViewCell.swift */,
				8485D62721A57AF100E74961 /* AuthButtonViewModel.swift */,
			);
			path = Button;
			sourceTree = "<group>";
		};
/* End PBXGroup section */

/* Begin PBXNativeTarget section */
		8436DE2D21905B50002930A9 /* StagirovkaProject */ = {
			isa = PBXNativeTarget;
			buildConfigurationList = 8436DE5621905B5D002930A9 /* Build configuration list for PBXNativeTarget "StagirovkaProject" */;
			buildPhases = (
				8436DE2A21905B50002930A9 /* Sources */,
				8436DE2B21905B50002930A9 /* Frameworks */,
				8436DE2C21905B50002930A9 /* Resources */,
			);
			buildRules = (
			);
			dependencies = (
			);
			name = StagirovkaProject;
			productName = StagirovkaProject;
			productReference = 8436DE2E21905B51002930A9 /* StagirovkaProject.app */;
			productType = "com.apple.product-type.application";
		};
		8436DE4121905B5D002930A9 /* StagirovkaProjectTests */ = {
			isa = PBXNativeTarget;
			buildConfigurationList = 8436DE5921905B5D002930A9 /* Build configuration list for PBXNativeTarget "StagirovkaProjectTests" */;
			buildPhases = (
				8436DE3E21905B5D002930A9 /* Sources */,
				8436DE3F21905B5D002930A9 /* Frameworks */,
				8436DE4021905B5D002930A9 /* Resources */,
			);
			buildRules = (
			);
			dependencies = (
				8436DE4421905B5D002930A9 /* PBXTargetDependency */,
			);
			name = StagirovkaProjectTests;
			productName = StagirovkaProjectTests;
			productReference = 8436DE4221905B5D002930A9 /* StagirovkaProjectTests.xctest */;
			productType = "com.apple.product-type.bundle.unit-test";
		};
		8436DE4C21905B5D002930A9 /* StagirovkaProjectUITests */ = {
			isa = PBXNativeTarget;
			buildConfigurationList = 8436DE5C21905B5D002930A9 /* Build configuration list for PBXNativeTarget "StagirovkaProjectUITests" */;
			buildPhases = (
				8436DE4921905B5D002930A9 /* Sources */,
				8436DE4A21905B5D002930A9 /* Frameworks */,
				8436DE4B21905B5D002930A9 /* Resources */,
			);
			buildRules = (
			);
			dependencies = (
				8436DE4F21905B5D002930A9 /* PBXTargetDependency */,
			);
			name = StagirovkaProjectUITests;
			productName = StagirovkaProjectUITests;
			productReference = 8436DE4D21905B5D002930A9 /* StagirovkaProjectUITests.xctest */;
			productType = "com.apple.product-type.bundle.ui-testing";
		};
/* End PBXNativeTarget section */

/* Begin PBXProject section */
		8436DE2621905B50002930A9 /* Project object */ = {
			isa = PBXProject;
			attributes = {
				LastSwiftUpdateCheck = 1000;
				LastUpgradeCheck = 1000;
				ORGANIZATIONNAME = PolyakovDenis;
				TargetAttributes = {
					8436DE2D21905B50002930A9 = {
						CreatedOnToolsVersion = 10.0;
					};
					8436DE4121905B5D002930A9 = {
						CreatedOnToolsVersion = 10.0;
						TestTargetID = 8436DE2D21905B50002930A9;
					};
					8436DE4C21905B5D002930A9 = {
						CreatedOnToolsVersion = 10.0;
						TestTargetID = 8436DE2D21905B50002930A9;
					};
				};
			};
			buildConfigurationList = 8436DE2921905B50002930A9 /* Build configuration list for PBXProject "StagirovkaProject" */;
			compatibilityVersion = "Xcode 9.3";
			developmentRegion = en;
			hasScannedForEncodings = 0;
			knownRegions = (
				en,
				Base,
			);
			mainGroup = 8436DE2521905B50002930A9;
			productRefGroup = 8436DE2F21905B51002930A9 /* Products */;
			projectDirPath = "";
			projectRoot = "";
			targets = (
				8436DE2D21905B50002930A9 /* StagirovkaProject */,
				8436DE4121905B5D002930A9 /* StagirovkaProjectTests */,
				8436DE4C21905B5D002930A9 /* StagirovkaProjectUITests */,
			);
		};
/* End PBXProject section */

/* Begin PBXResourcesBuildPhase section */
		8436DE2C21905B50002930A9 /* Resources */ = {
			isa = PBXResourcesBuildPhase;
			buildActionMask = 2147483647;
			files = (
				8436DE3C21905B5C002930A9 /* LaunchScreen.storyboard in Resources */,
				8485D61F21A5769D00E74961 /* AuthLabelViewCell.xib in Resources */,
				8436DE3921905B5C002930A9 /* Assets.xcassets in Resources */,
				8436DE6421905C69002930A9 /* AuthStoryBoard.storyboard in Resources */,
				8485D61721A55B2300E74961 /* AuthTextFieldViewCell.xib in Resources */,
				8485D62621A57A9B00E74961 /* AuthButtonViewCell.xib in Resources */,
			);
			runOnlyForDeploymentPostprocessing = 0;
		};
		8436DE4021905B5D002930A9 /* Resources */ = {
			isa = PBXResourcesBuildPhase;
			buildActionMask = 2147483647;
			files = (
			);
			runOnlyForDeploymentPostprocessing = 0;
		};
		8436DE4B21905B5D002930A9 /* Resources */ = {
			isa = PBXResourcesBuildPhase;
			buildActionMask = 2147483647;
			files = (
			);
			runOnlyForDeploymentPostprocessing = 0;
		};
/* End PBXResourcesBuildPhase section */

/* Begin PBXSourcesBuildPhase section */
		8436DE2A21905B50002930A9 /* Sources */ = {
			isa = PBXSourcesBuildPhase;
			buildActionMask = 2147483647;
			files = (
				8485D62121A577E600E74961 /* AuthLabelViewModel.swift in Sources */,
				8485D62821A57AF100E74961 /* AuthButtonViewModel.swift in Sources */,
				5505D2CE21A2BDB300600AA9 /* BaseCellViewModel.swift in Sources */,
				5505D2CA21A2BDB300600AA9 /* EmptyCell.swift in Sources */,
				8485D61E21A5769D00E74961 /* AuthLabelViewCell.swift in Sources */,
				5505D2CD21A2BDB300600AA9 /* EmptyViewModel.swift in Sources */,
				8436DE3221905B51002930A9 /* AppDelegate.swift in Sources */,
				5505D2CB21A2BDB300600AA9 /* BaseTableViewCell.swift in Sources */,
				8485D61621A55B2300E74961 /* AuthTextFieldViewCell.swift in Sources */,
				5505D2CC21A2BDB300600AA9 /* TableDataManager.swift in Sources */,
				8485D62521A57A9B00E74961 /* AuthButtonViewCell.swift in Sources */,
				8485D61921A5619300E74961 /* AuthTextFieldViewModel.swift in Sources */,
				8436DE6E219072F0002930A9 /* AuthViewController.swift in Sources */,
			);
			runOnlyForDeploymentPostprocessing = 0;
		};
		8436DE3E21905B5D002930A9 /* Sources */ = {
			isa = PBXSourcesBuildPhase;
			buildActionMask = 2147483647;
			files = (
				8436DE4721905B5D002930A9 /* StagirovkaProjectTests.swift in Sources */,
			);
			runOnlyForDeploymentPostprocessing = 0;
		};
		8436DE4921905B5D002930A9 /* Sources */ = {
			isa = PBXSourcesBuildPhase;
			buildActionMask = 2147483647;
			files = (
				8436DE5221905B5D002930A9 /* StagirovkaProjectUITests.swift in Sources */,
			);
			runOnlyForDeploymentPostprocessing = 0;
		};
/* End PBXSourcesBuildPhase section */

/* Begin PBXTargetDependency section */
		8436DE4421905B5D002930A9 /* PBXTargetDependency */ = {
			isa = PBXTargetDependency;
			target = 8436DE2D21905B50002930A9 /* StagirovkaProject */;
			targetProxy = 8436DE4321905B5D002930A9 /* PBXContainerItemProxy */;
		};
		8436DE4F21905B5D002930A9 /* PBXTargetDependency */ = {
			isa = PBXTargetDependency;
			target = 8436DE2D21905B50002930A9 /* StagirovkaProject */;
			targetProxy = 8436DE4E21905B5D002930A9 /* PBXContainerItemProxy */;
		};
/* End PBXTargetDependency section */

/* Begin PBXVariantGroup section */
		8436DE3A21905B5C002930A9 /* LaunchScreen.storyboard */ = {
			isa = PBXVariantGroup;
			children = (
				8436DE3B21905B5C002930A9 /* Base */,
			);
			name = LaunchScreen.storyboard;
			sourceTree = "<group>";
		};
/* End PBXVariantGroup section */

/* Begin XCBuildConfiguration section */
		8436DE5421905B5D002930A9 /* Debug */ = {
			isa = XCBuildConfiguration;
			buildSettings = {
				ALWAYS_SEARCH_USER_PATHS = NO;
				CLANG_ANALYZER_NONNULL = YES;
				CLANG_ANALYZER_NUMBER_OBJECT_CONVERSION = YES_AGGRESSIVE;
				CLANG_CXX_LANGUAGE_STANDARD = "gnu++14";
				CLANG_CXX_LIBRARY = "libc++";
				CLANG_ENABLE_MODULES = YES;
				CLANG_ENABLE_OBJC_ARC = YES;
				CLANG_ENABLE_OBJC_WEAK = YES;
				CLANG_WARN_BLOCK_CAPTURE_AUTORELEASING = YES;
				CLANG_WARN_BOOL_CONVERSION = YES;
				CLANG_WARN_COMMA = YES;
				CLANG_WARN_CONSTANT_CONVERSION = YES;
				CLANG_WARN_DEPRECATED_OBJC_IMPLEMENTATIONS = YES;
				CLANG_WARN_DIRECT_OBJC_ISA_USAGE = YES_ERROR;
				CLANG_WARN_DOCUMENTATION_COMMENTS = YES;
				CLANG_WARN_EMPTY_BODY = YES;
				CLANG_WARN_ENUM_CONVERSION = YES;
				CLANG_WARN_INFINITE_RECURSION = YES;
				CLANG_WARN_INT_CONVERSION = YES;
				CLANG_WARN_NON_LITERAL_NULL_CONVERSION = YES;
				CLANG_WARN_OBJC_IMPLICIT_RETAIN_SELF = YES;
				CLANG_WARN_OBJC_LITERAL_CONVERSION = YES;
				CLANG_WARN_OBJC_ROOT_CLASS = YES_ERROR;
				CLANG_WARN_RANGE_LOOP_ANALYSIS = YES;
				CLANG_WARN_STRICT_PROTOTYPES = YES;
				CLANG_WARN_SUSPICIOUS_MOVE = YES;
				CLANG_WARN_UNGUARDED_AVAILABILITY = YES_AGGRESSIVE;
				CLANG_WARN_UNREACHABLE_CODE = YES;
				CLANG_WARN__DUPLICATE_METHOD_MATCH = YES;
				CODE_SIGN_IDENTITY = "iPhone Developer";
				COPY_PHASE_STRIP = NO;
				DEBUG_INFORMATION_FORMAT = dwarf;
				ENABLE_STRICT_OBJC_MSGSEND = YES;
				ENABLE_TESTABILITY = YES;
				GCC_C_LANGUAGE_STANDARD = gnu11;
				GCC_DYNAMIC_NO_PIC = NO;
				GCC_NO_COMMON_BLOCKS = YES;
				GCC_OPTIMIZATION_LEVEL = 0;
				GCC_PREPROCESSOR_DEFINITIONS = (
					"DEBUG=1",
					"$(inherited)",
				);
				GCC_WARN_64_TO_32_BIT_CONVERSION = YES;
				GCC_WARN_ABOUT_RETURN_TYPE = YES_ERROR;
				GCC_WARN_UNDECLARED_SELECTOR = YES;
				GCC_WARN_UNINITIALIZED_AUTOS = YES_AGGRESSIVE;
				GCC_WARN_UNUSED_FUNCTION = YES;
				GCC_WARN_UNUSED_VARIABLE = YES;
				IPHONEOS_DEPLOYMENT_TARGET = 12.0;
				MTL_ENABLE_DEBUG_INFO = INCLUDE_SOURCE;
				MTL_FAST_MATH = YES;
				ONLY_ACTIVE_ARCH = YES;
				SDKROOT = iphoneos;
				SWIFT_ACTIVE_COMPILATION_CONDITIONS = DEBUG;
				SWIFT_OPTIMIZATION_LEVEL = "-Onone";
			};
			name = Debug;
		};
		8436DE5521905B5D002930A9 /* Release */ = {
			isa = XCBuildConfiguration;
			buildSettings = {
				ALWAYS_SEARCH_USER_PATHS = NO;
				CLANG_ANALYZER_NONNULL = YES;
				CLANG_ANALYZER_NUMBER_OBJECT_CONVERSION = YES_AGGRESSIVE;
				CLANG_CXX_LANGUAGE_STANDARD = "gnu++14";
				CLANG_CXX_LIBRARY = "libc++";
				CLANG_ENABLE_MODULES = YES;
				CLANG_ENABLE_OBJC_ARC = YES;
				CLANG_ENABLE_OBJC_WEAK = YES;
				CLANG_WARN_BLOCK_CAPTURE_AUTORELEASING = YES;
				CLANG_WARN_BOOL_CONVERSION = YES;
				CLANG_WARN_COMMA = YES;
				CLANG_WARN_CONSTANT_CONVERSION = YES;
				CLANG_WARN_DEPRECATED_OBJC_IMPLEMENTATIONS = YES;
				CLANG_WARN_DIRECT_OBJC_ISA_USAGE = YES_ERROR;
				CLANG_WARN_DOCUMENTATION_COMMENTS = YES;
				CLANG_WARN_EMPTY_BODY = YES;
				CLANG_WARN_ENUM_CONVERSION = YES;
				CLANG_WARN_INFINITE_RECURSION = YES;
				CLANG_WARN_INT_CONVERSION = YES;
				CLANG_WARN_NON_LITERAL_NULL_CONVERSION = YES;
				CLANG_WARN_OBJC_IMPLICIT_RETAIN_SELF = YES;
				CLANG_WARN_OBJC_LITERAL_CONVERSION = YES;
				CLANG_WARN_OBJC_ROOT_CLASS = YES_ERROR;
				CLANG_WARN_RANGE_LOOP_ANALYSIS = YES;
				CLANG_WARN_STRICT_PROTOTYPES = YES;
				CLANG_WARN_SUSPICIOUS_MOVE = YES;
				CLANG_WARN_UNGUARDED_AVAILABILITY = YES_AGGRESSIVE;
				CLANG_WARN_UNREACHABLE_CODE = YES;
				CLANG_WARN__DUPLICATE_METHOD_MATCH = YES;
				CODE_SIGN_IDENTITY = "iPhone Developer";
				COPY_PHASE_STRIP = NO;
				DEBUG_INFORMATION_FORMAT = "dwarf-with-dsym";
				ENABLE_NS_ASSERTIONS = NO;
				ENABLE_STRICT_OBJC_MSGSEND = YES;
				GCC_C_LANGUAGE_STANDARD = gnu11;
				GCC_NO_COMMON_BLOCKS = YES;
				GCC_WARN_64_TO_32_BIT_CONVERSION = YES;
				GCC_WARN_ABOUT_RETURN_TYPE = YES_ERROR;
				GCC_WARN_UNDECLARED_SELECTOR = YES;
				GCC_WARN_UNINITIALIZED_AUTOS = YES_AGGRESSIVE;
				GCC_WARN_UNUSED_FUNCTION = YES;
				GCC_WARN_UNUSED_VARIABLE = YES;
				IPHONEOS_DEPLOYMENT_TARGET = 12.0;
				MTL_ENABLE_DEBUG_INFO = NO;
				MTL_FAST_MATH = YES;
				SDKROOT = iphoneos;
				SWIFT_COMPILATION_MODE = wholemodule;
				SWIFT_OPTIMIZATION_LEVEL = "-O";
				VALIDATE_PRODUCT = YES;
			};
			name = Release;
		};
		8436DE5721905B5D002930A9 /* Debug */ = {
			isa = XCBuildConfiguration;
			buildSettings = {
				ASSETCATALOG_COMPILER_APPICON_NAME = AppIcon;
				CODE_SIGN_STYLE = Automatic;
				INFOPLIST_FILE = StagirovkaProject/Info.plist;
				LD_RUNPATH_SEARCH_PATHS = (
					"$(inherited)",
					"@executable_path/Frameworks",
				);
				PRODUCT_BUNDLE_IDENTIFIER = Swatronik.StagirovkaProject;
				PRODUCT_NAME = "$(TARGET_NAME)";
				SWIFT_VERSION = 4.2;
				TARGETED_DEVICE_FAMILY = "1,2";
			};
			name = Debug;
		};
		8436DE5821905B5D002930A9 /* Release */ = {
			isa = XCBuildConfiguration;
			buildSettings = {
				ASSETCATALOG_COMPILER_APPICON_NAME = AppIcon;
				CODE_SIGN_STYLE = Automatic;
				INFOPLIST_FILE = StagirovkaProject/Info.plist;
				LD_RUNPATH_SEARCH_PATHS = (
					"$(inherited)",
					"@executable_path/Frameworks",
				);
				PRODUCT_BUNDLE_IDENTIFIER = Swatronik.StagirovkaProject;
				PRODUCT_NAME = "$(TARGET_NAME)";
				SWIFT_VERSION = 4.2;
				TARGETED_DEVICE_FAMILY = "1,2";
			};
			name = Release;
		};
		8436DE5A21905B5D002930A9 /* Debug */ = {
			isa = XCBuildConfiguration;
			buildSettings = {
				ALWAYS_EMBED_SWIFT_STANDARD_LIBRARIES = YES;
				BUNDLE_LOADER = "$(TEST_HOST)";
				CODE_SIGN_STYLE = Automatic;
				INFOPLIST_FILE = StagirovkaProjectTests/Info.plist;
				LD_RUNPATH_SEARCH_PATHS = (
					"$(inherited)",
					"@executable_path/Frameworks",
					"@loader_path/Frameworks",
				);
				PRODUCT_BUNDLE_IDENTIFIER = Swatronik.StagirovkaProjectTests;
				PRODUCT_NAME = "$(TARGET_NAME)";
				SWIFT_VERSION = 4.2;
				TARGETED_DEVICE_FAMILY = "1,2";
				TEST_HOST = "$(BUILT_PRODUCTS_DIR)/StagirovkaProject.app/StagirovkaProject";
			};
			name = Debug;
		};
		8436DE5B21905B5D002930A9 /* Release */ = {
			isa = XCBuildConfiguration;
			buildSettings = {
				ALWAYS_EMBED_SWIFT_STANDARD_LIBRARIES = YES;
				BUNDLE_LOADER = "$(TEST_HOST)";
				CODE_SIGN_STYLE = Automatic;
				INFOPLIST_FILE = StagirovkaProjectTests/Info.plist;
				LD_RUNPATH_SEARCH_PATHS = (
					"$(inherited)",
					"@executable_path/Frameworks",
					"@loader_path/Frameworks",
				);
				PRODUCT_BUNDLE_IDENTIFIER = Swatronik.StagirovkaProjectTests;
				PRODUCT_NAME = "$(TARGET_NAME)";
				SWIFT_VERSION = 4.2;
				TARGETED_DEVICE_FAMILY = "1,2";
				TEST_HOST = "$(BUILT_PRODUCTS_DIR)/StagirovkaProject.app/StagirovkaProject";
			};
			name = Release;
		};
		8436DE5D21905B5D002930A9 /* Debug */ = {
			isa = XCBuildConfiguration;
			buildSettings = {
				ALWAYS_EMBED_SWIFT_STANDARD_LIBRARIES = YES;
				CODE_SIGN_STYLE = Automatic;
				INFOPLIST_FILE = StagirovkaProjectUITests/Info.plist;
				LD_RUNPATH_SEARCH_PATHS = (
					"$(inherited)",
					"@executable_path/Frameworks",
					"@loader_path/Frameworks",
				);
				PRODUCT_BUNDLE_IDENTIFIER = Swatronik.StagirovkaProjectUITests;
				PRODUCT_NAME = "$(TARGET_NAME)";
				SWIFT_VERSION = 4.2;
				TARGETED_DEVICE_FAMILY = "1,2";
				TEST_TARGET_NAME = StagirovkaProject;
			};
			name = Debug;
		};
		8436DE5E21905B5D002930A9 /* Release */ = {
			isa = XCBuildConfiguration;
			buildSettings = {
				ALWAYS_EMBED_SWIFT_STANDARD_LIBRARIES = YES;
				CODE_SIGN_STYLE = Automatic;
				INFOPLIST_FILE = StagirovkaProjectUITests/Info.plist;
				LD_RUNPATH_SEARCH_PATHS = (
					"$(inherited)",
					"@executable_path/Frameworks",
					"@loader_path/Frameworks",
				);
				PRODUCT_BUNDLE_IDENTIFIER = Swatronik.StagirovkaProjectUITests;
				PRODUCT_NAME = "$(TARGET_NAME)";
				SWIFT_VERSION = 4.2;
				TARGETED_DEVICE_FAMILY = "1,2";
				TEST_TARGET_NAME = StagirovkaProject;
			};
			name = Release;
		};
/* End XCBuildConfiguration section */

/* Begin XCConfigurationList section */
		8436DE2921905B50002930A9 /* Build configuration list for PBXProject "StagirovkaProject" */ = {
			isa = XCConfigurationList;
			buildConfigurations = (
				8436DE5421905B5D002930A9 /* Debug */,
				8436DE5521905B5D002930A9 /* Release */,
			);
			defaultConfigurationIsVisible = 0;
			defaultConfigurationName = Release;
		};
		8436DE5621905B5D002930A9 /* Build configuration list for PBXNativeTarget "StagirovkaProject" */ = {
			isa = XCConfigurationList;
			buildConfigurations = (
				8436DE5721905B5D002930A9 /* Debug */,
				8436DE5821905B5D002930A9 /* Release */,
			);
			defaultConfigurationIsVisible = 0;
			defaultConfigurationName = Release;
		};
		8436DE5921905B5D002930A9 /* Build configuration list for PBXNativeTarget "StagirovkaProjectTests" */ = {
			isa = XCConfigurationList;
			buildConfigurations = (
				8436DE5A21905B5D002930A9 /* Debug */,
				8436DE5B21905B5D002930A9 /* Release */,
			);
			defaultConfigurationIsVisible = 0;
			defaultConfigurationName = Release;
		};
		8436DE5C21905B5D002930A9 /* Build configuration list for PBXNativeTarget "StagirovkaProjectUITests" */ = {
			isa = XCConfigurationList;
			buildConfigurations = (
				8436DE5D21905B5D002930A9 /* Debug */,
				8436DE5E21905B5D002930A9 /* Release */,
			);
			defaultConfigurationIsVisible = 0;
			defaultConfigurationName = Release;
		};
/* End XCConfigurationList section */
	};
	rootObject = 8436DE2621905B50002930A9 /* Project object */;
}
